
Microsoft Visual Studio Solution File, Format Version 12.00
# Visual Studio 15
VisualStudioVersion = 15.0.28307.902
MinimumVisualStudioVersion = 10.0.40219.1
Project("{FAE04EC0-301F-11D3-BF4B-00C04F79EFBC}") = "MotorCycleWebsite", "MotorCycleWebsite\MotorCycleWebsite.csproj", "{33344D6A-F82D-483A-829E-8B3CDA9B923A}"
EndProject
Global
	GlobalSection(SolutionConfigurationPlatforms) = preSolution
		Debug|Any CPU = Debug|Any CPU
		Release|Any CPU = Release|Any CPU
	EndGlobalSection
	GlobalSection(ProjectConfigurationPlatforms) = postSolution
		{33344D6A-F82D-483A-829E-8B3CDA9B923A}.Debug|Any CPU.ActiveCfg = Debug|Any CPU
		{33344D6A-F82D-483A-829E-8B3CDA9B923A}.Debug|Any CPU.Build.0 = Debug|Any CPU
		{33344D6A-F82D-483A-829E-8B3CDA9B923A}.Release|Any CPU.ActiveCfg = Release|Any CPU
		{33344D6A-F82D-483A-829E-8B3CDA9B923A}.Release|Any CPU.Build.0 = Release|Any CPU
	EndGlobalSection
	GlobalSection(SolutionProperties) = preSolution
		HideSolutionNode = FALSE
	EndGlobalSection
	GlobalSection(ExtensibilityGlobals) = postSolution
		SolutionGuid = {ED4C2C95-1BAB-4BC0-8E14-091102E6985E}
	EndGlobalSection
EndGlobal
